hash: 71569575fbb16c33e3a56a6eff9a06ad5fbca8abf4066908897f5775c46ff7cf
updated: 2017-09-15T14:04:50.10199388-04:00
imports:
- name: github.com/rcrowley/go-metrics
  version: 1f30fe9094a513ce4c700b9a54458bbb0c96996c
- name: github.com/sirupsen/logrus
  version: f006c2ac4710855cf0f916dd6b77acf6b048dc6e
- name: golang.org/x/crypto
  version: b0c9c05bfe149df95eb1d25642162cca051e0466
  subpackages:
  - ssh/terminal
- name: golang.org/x/sys
  version: 062cd7e4e68206d8bab9b18396626e855c992658
  subpackages:
  - unix
  - windows
testImports: []
